
Microsoft Visual Studio Solution File, Format Version 12.00
# Visual Studio Version 16
VisualStudioVersion = 16.0.29201.188
MinimumVisualStudioVersion = 10.0.40219.1
Project("{FAE04EC0-301F-11D3-BF4B-00C04F79EFBC}") = "Fitness.Web", "Fitness.Web\Fitness.Web.csproj", "{58F552A7-441E-4B99-908E-6FA76D79AA1B}"
EndProject
Project("{FAE04EC0-301F-11D3-BF4B-00C04F79EFBC}") = "Fitness.AdoNet", "Fitness.AdoNet\Fitness.AdoNet.csproj", "{4DBC6280-84C9-4E0D-863D-A817324666D0}"
EndProject
Project("{FAE04EC0-301F-11D3-BF4B-00C04F79EFBC}") = "Fitness.DataObject", "Fitness.DataObject\Fitness.DataObject.csproj", "{63152E31-92B5-46DB-AFE7-E61FC211C496}"
EndProject
Project("{FAE04EC0-301F-11D3-BF4B-00C04F79EFBC}") = "Fitness.Bisiness", "Fitness.Bisiness\Fitness.Bisiness.csproj", "{8041478C-4287-477B-83A7-A2E159B9CDE8}"
EndProject
Global
	GlobalSection(SolutionConfigurationPlatforms) = preSolution
		Debug|Any CPU = Debug|Any CPU
		Release|Any CPU = Release|Any CPU
	EndGlobalSection
	GlobalSection(ProjectConfigurationPlatforms) = postSolution
		{58F552A7-441E-4B99-908E-6FA76D79AA1B}.Debug|Any CPU.ActiveCfg = Debug|Any CPU
		{58F552A7-441E-4B99-908E-6FA76D79AA1B}.Debug|Any CPU.Build.0 = Debug|Any CPU
		{58F552A7-441E-4B99-908E-6FA76D79AA1B}.Release|Any CPU.ActiveCfg = Release|Any CPU
		{58F552A7-441E-4B99-908E-6FA76D79AA1B}.Release|Any CPU.Build.0 = Release|Any CPU
		{4DBC6280-84C9-4E0D-863D-A817324666D0}.Debug|Any CPU.ActiveCfg = Debug|Any CPU
		{4DBC6280-84C9-4E0D-863D-A817324666D0}.Debug|Any CPU.Build.0 = Debug|Any CPU
		{4DBC6280-84C9-4E0D-863D-A817324666D0}.Release|Any CPU.ActiveCfg = Release|Any CPU
		{4DBC6280-84C9-4E0D-863D-A817324666D0}.Release|Any CPU.Build.0 = Release|Any CPU
		{63152E31-92B5-46DB-AFE7-E61FC211C496}.Debug|Any CPU.ActiveCfg = Debug|Any CPU
		{63152E31-92B5-46DB-AFE7-E61FC211C496}.Debug|Any CPU.Build.0 = Debug|Any CPU
		{63152E31-92B5-46DB-AFE7-E61FC211C496}.Release|Any CPU.ActiveCfg = Release|Any CPU
		{63152E31-92B5-46DB-AFE7-E61FC211C496}.Release|Any CPU.Build.0 = Release|Any CPU
		{8041478C-4287-477B-83A7-A2E159B9CDE8}.Debug|Any CPU.ActiveCfg = Debug|Any CPU
		{8041478C-4287-477B-83A7-A2E159B9CDE8}.Debug|Any CPU.Build.0 = Debug|Any CPU
		{8041478C-4287-477B-83A7-A2E159B9CDE8}.Release|Any CPU.ActiveCfg = Release|Any CPU
		{8041478C-4287-477B-83A7-A2E159B9CDE8}.Release|Any CPU.Build.0 = Release|Any CPU
	EndGlobalSection
	GlobalSection(SolutionProperties) = preSolution
		HideSolutionNode = FALSE
	EndGlobalSection
	GlobalSection(ExtensibilityGlobals) = postSolution
		SolutionGuid = {F31E5366-AC42-4059-AAC7-1C9CF8FAAFC8}
	EndGlobalSection
EndGlobal
